{
  "object": {
    "pins": [
      {
        "package": "Guaka",
        "repositoryURL": "https://github.com/nsomar/Guaka",
        "state": {
          "branch": null,
          "revision": "7d6135f0bcb324977698c40a1985f481899b6dce",
          "version": "0.3.1"
        }
      },
      {
        "package": "StringScanner",
        "repositoryURL": "https://github.com/oarrabi/StringScanner",
        "state": {
          "branch": null,
          "revision": "246c697efe2f57d9042f58b1b53ace4fddb1efc4",
          "version": "0.2.0"
        }
      },
      {
        "package": "SwaggerParser",
        "repositoryURL": "https://github.com/n8chur/SwaggerParser.git",
        "state": {
          "branch": null,
          "revision": "878188214e04e2c20d880db56c69fd971fbb38da",
          "version": "0.6.2"
        }
      }
    ]
  },
  "version": 1
}
